{
  "digest": "sha256:dfe8b5b6a69e8082d4ced853096e6df77f4e7900ddbe87972fddd1758d0ca77e",
  "reason": "a second holdout round is pinned and its floors are stated before it is drawn: arloliu/parti, grpc/grpc-go and swiftlang/swift-evolution join as side holdout round 2, on the same one self-authored, one third-party code, one third-party Markdown split as before, and the three round 1 sources are marked round 1 because the sessions that repaired what that round found have read them; every holdout source now declares its round and the validator refuses one that does not, so a later draw cannot enumerate a spent source; the holdout floors are keyed by round because the calibration rates they derive from move between rounds, and round 2 asks for 0.70 wrap and 0.68 fused against calibration rates of 169 of 220 and 31 of 37; the wrapping column of each new source was measured by tests/corpus/qualify.py, which is the first time the instrument behind that number has been committed rather than described, and a protocol note records that replaying it over the first six sources reproduces five columns within two and disagrees with client_golang by eight; no unit record changed and no calibration floor moved"
}
